// !$*UTF8*$!
{
	archiveVersion = 1;
	classes = {
	};
	objectVersion = 46;
	objects = {

/* Begin PBXBuildFile section */
		BC3D0AC71CAE50F700B1F828 /* main.m in Sources */ = {isa = PBXBuildFile; fileRef = BC3D0AC61CAE50F700B1F828 /* main.m */; };
		BC3D0ACA1CAE50F700B1F828 /* AppDelegate.m in Sources */ = {isa = PBXBuildFile; fileRef = BC3D0AC91CAE50F700B1F828 /* AppDelegate.m */; };
		BC3D0ACD1CAE50F700B1F828 /* ViewController.m in Sources */ = {isa = PBXBuildFile; fileRef = BC3D0ACC1CAE50F700B1F828 /* ViewController.m */; };
		BC3D0AD01CAE50F700B1F828 /* Main.storyboard in Resources */ = {isa = PBXBuildFile; fileRef = BC3D0ACE1CAE50F700B1F828 /* Main.storyboard */; };
		BC3D0AD21CAE50F700B1F828 /* Assets.xcassets in Resources */ = {isa = PBXBuildFile; fileRef = BC3D0AD11CAE50F700B1F828 /* Assets.xcassets */; };
		BC3D0AD51CAE50F700B1F828 /* LaunchScreen.storyboard in Resources */ = {isa = PBXBuildFile; fileRef = BC3D0AD31CAE50F700B1F828 /* LaunchScreen.storyboard */; };
/* End PBXBuildFile section */

/* Begin PBXFileReference section */
		BC3D0AC21CAE50F700B1F828 /* GitDemo.app */ = {isa = PBXFileReference; explicitFileType = wrapper.application; includeInIndex = 0; path = GitDemo.app; sourceTree = BUILT_PRODUCTS_DIR; };
		BC3D0AC61CAE50F700B1F828 /* main.m */ = {isa = PBXFileReference; lastKnownFileType = sourcecode.c.objc; path = main.m; sourceTree = "<group>"; };
		BC3D0AC81CAE50F700B1F828 /* AppDelegate.h */ = {isa = PBXFileReference; lastKnownFileType = sourcecode.c.h; path = AppDelegate.h; sourceTree = "<group>"; };
		BC3D0AC91CAE50F700B1F828 /* AppDelegate.m */ = {isa = PBXFileReference; lastKnownFileType = sourcecode.c.objc; path = AppDelegate.m; sourceTree = "<group>"; };
		BC3D0ACB1CAE50F700B1F828 /* ViewController.h */ = {isa = PBXFileReference; lastKnownFileType = sourcecode.c.h; path = ViewController.h; sourceTree = "<group>"; };
		BC3D0ACC1CAE50F700B1F828 /* ViewController.m */ = {isa = PBXFileReference; lastKnownFileType = sourcecode.c.objc; path = ViewController.m; sourceTree = "<group>"; };
		BC3D0ACF1CAE50F700B1F828 /* Base */ = {isa = PBXFileReference; lastKnownFileType = file.storyboard; name = Base; path = Base.lproj/Main.storyboard; sourceTree = "<group>"; };
		BC3D0AD11CAE50F700B1F828 /* Assets.xcassets */ = {isa = PBXFileReference; lastKnownFileType = folder.assetcatalog; path = Assets.xcassets; sourceTree = "<group>"; };
		BC3D0AD41CAE50F700B1F828 /* Base */ = {isa = PBXFileReference; lastKnownFileType = file.storyboard; name = Base; path = Base.lproj/LaunchScreen.storyboard; sourceTree = "<group>"; };
		BC3D0AD61CAE50F700B1F828 /* Info.plist */ = {isa = PBXFileReference; lastKnownFileType = text.plist.xml; path = Info.plist; sourceTree = "<group>"; };
/* End PBXFileReference section */

/* Begin PBXFrameworksBuildPhase section */
		BC3D0ABF1CAE50F600B1F828 /* Frameworks */ = {
			isa = PBXFrameworksBuildPhase;
			buildActionMask = 2147483647;
			files = (
			);
			runOnlyForDeploymentPostprocessing = 0;
		};
/* End PBXFrameworksBuildPhase section */

/* Begin PBXGroup section */
		BC3D0AB91CAE50F600B1F828 = {
			isa = PBXGroup;
			children = (
				BC3D0AC41CAE50F700B1F828 /* GitDemo */,
				BC3D0AC31CAE50F700B1F828 /* Products */,
			);
			sourceTree = "<group>";
		};
		BC3D0AC31CAE50F700B1F828 /* Products */ = {
			isa = PBXGroup;
			children = (
				BC3D0AC21CAE50F700B1F828 /* GitDemo.app */,
			);
			name = Products;
			sourceTree = "<group>";
		};
		BC3D0AC41CAE50F700B1F828 /* GitDemo */ = {
			isa = PBXGroup;
			children = (
				BC3D0AC81CAE50F700B1F828 /* AppDelegate.h */,
				BC3D0AC91CAE50F700B1F828 /* AppDelegate.m */,
				BC3D0ACB1CAE50F700B1F828 /* ViewController.h */,
				BC3D0ACC1CAE50F700B1F828 /* ViewController.m */,
				BC3D0ACE1CAE50F700B1F828 /* Main.storyboard */,
				BC3D0AD11CAE50F700B1F828 /* Assets.xcassets */,
				BC3D0AD31CAE50F700B1F828 /* LaunchScreen.storyboard */,
				BC3D0AD61CAE50F700B1F828 /* Info.plist */,
				BC3D0AC51CAE50F700B1F828 /* Supporting Files */,
			);
			path = GitDemo;
			sourceTree = "<group>";
		};
		BC3D0AC51CAE50F700B1F828 /* Supporting Files */ = {
			isa = PBXGroup;
			children = (
				BC3D0AC61CAE50F700B1F828 /* main.m */,
			);
			name = "Supporting Files";
			sourceTree = "<group>";
		};
/* End PBXGroup section */

/* Begin PBXNativeTarget section */
		BC3D0AC11CAE50F600B1F828 /* GitDemo */ = {
			isa = PBXNativeTarget;
			buildConfigurationList = BC3D0AD91CAE50F700B1F828 /* Build configuration list for PBXNativeTarget "GitDemo" */;
			buildPhases = (
				BC3D0ABE1CAE50F600B1F828 /* Sources */,
				BC3D0ABF1CAE50F600B1F828 /* Frameworks */,
				BC3D0AC01CAE50F600B1F828 /* Resources */,
			);
			buildRules = (
			);
			dependencies = (
			);
			name = GitDemo;
			productName = GitDemo;
			productReference = BC3D0AC21CAE50F700B1F828 /* GitDemo.app */;
			productType = "com.apple.product-type.application";
		};
/* End PBXNativeTarget section */

/* Begin PBXProject section */
		BC3D0ABA1CAE50F600B1F828 /* Project object */ = {
			isa = PBXProject;
			attributes = {
				LastUpgradeCheck = 0720;
				ORGANIZATIONNAME = ZYM;
				TargetAttributes = {
					BC3D0AC11CAE50F600B1F828 = {
						CreatedOnToolsVersion = 7.2;
					};
				};
			};
			buildConfigurationList = BC3D0ABD1CAE50F600B1F828 /* Build configuration list for PBXProject "GitDemo" */;
			compatibilityVersion = "Xcode 3.2";
			developmentRegion = English;
			hasScannedForEncodings = 0;
			knownRegions = (
				en,
				Base,
			);
			mainGroup = BC3D0AB91CAE50F600B1F828;
			productRefGroup = BC3D0AC31CAE50F700B1F828 /* Products */;
			projectDirPath = "";
			projectRoot = "";
			targets = (
				BC3D0AC11CAE50F600B1F828 /* GitDemo */,
			);
		};
/* End PBXProject section */

/* Begin PBXResourcesBuildPhase section */
		BC3D0AC01CAE50F600B1F828 /* Resources */ = {
			isa = PBXResourcesBuildPhase;
			buildActionMask = 2147483647;
			files = (
				BC3D0AD51CAE50F700B1F828 /* LaunchScreen.storyboard in Resources */,
				BC3D0AD21CAE50F700B1F828 /* Assets.xcassets in Resources */,
				BC3D0AD01CAE50F700B1F828 /* Main.storyboard in Resources */,
			);
			runOnlyForDeploymentPostprocessing = 0;
		};
/* End PBXResourcesBuildPhase section */

/* Begin PBXSourcesBuildPhase section */
		BC3D0ABE1CAE50F600B1F828 /* Sources */ = {
			isa = PBXSourcesBuildPhase;
			buildActionMask = 2147483647;
			files = (
				BC3D0ACD1CAE50F700B1F828 /* ViewController.m in Sources */,
				BC3D0ACA1CAE50F700B1F828 /* AppDelegate.m in Sources */,
				BC3D0AC71CAE50F700B1F828 /* main.m in Sources */,
			);
			runOnlyForDeploymentPostprocessing = 0;
		};
/* End PBXSourcesBuildPhase section */

/* Begin PBXVariantGroup section */
		BC3D0ACE1CAE50F700B1F828 /* Main.storyboard */ = {
			isa = PBXVariantGroup;
			children = (
				BC3D0ACF1CAE50F700B1F828 /* Base */,
			);
			name = Main.storyboard;
			sourceTree = "<group>";
		};
		BC3D0AD31CAE50F700B1F828 /* LaunchScreen.storyboard */ = {
			isa = PBXVariantGroup;
			children = (
				BC3D0AD41CAE50F700B1F828 /* Base */,
			);
			name = LaunchScreen.storyboard;
			sourceTree = "<group>";
		};
/* End PBXVariantGroup section */

/* Begin XCBuildConfiguration section */
		BC3D0AD71CAE50F700B1F828 /* Debug */ = {
			isa = XCBuildConfiguration;
			buildSettings = {
				ALWAYS_SEARCH_USER_PATHS = NO;
				CLANG_CXX_LANGUAGE_STANDARD = "gnu++0x";
				CLANG_CXX_LIBRARY = "libc++";
				CLANG_ENABLE_MODULES = YES;
				CLANG_ENABLE_OBJC_ARC = YES;
				CLANG_WARN_BOOL_CONVERSION = YES;
				CLANG_WARN_CONSTANT_CONVERSION = YES;
				CLANG_WARN_DIRECT_OBJC_ISA_USAGE = YES_ERROR;
				CLANG_WARN_EMPTY_BODY = YES;
				CLANG_WARN_ENUM_CONVERSION = YES;
				CLANG_WARN_INT_CONVERSION = YES;
				CLANG_WARN_OBJC_ROOT_CLASS = YES_ERROR;
				CLANG_WARN_UNREACHABLE_CODE = YES;
				CLANG_WARN__DUPLICATE_METHOD_MATCH = YES;
				"CODE_SIGN_IDENTITY[sdk=iphoneos*]" = "iPhone Developer";
				COPY_PHASE_STRIP = NO;
				DEBUG_INFORMATION_FORMAT = dwarf;
				ENABLE_STRICT_OBJC_MSGSEND = YES;
				ENABLE_TESTABILITY = YES;
				GCC_C_LANGUAGE_STANDARD = gnu99;
				GCC_DYNAMIC_NO_PIC = NO;
				GCC_NO_COMMON_BLOCKS = YES;
				GCC_OPTIMIZATION_LEVEL = 0;
				GCC_PREPROCESSOR_DEFINITIONS = (
					"DEBUG=1",
					"$(inherited)",
				);
				GCC_WARN_64_TO_32_BIT_CONVERSION = YES;
				GCC_WARN_ABOUT_RETURN_TYPE = YES_ERROR;
				GCC_WARN_UNDECLARED_SELECTOR = YES;
				GCC_WARN_UNINITIALIZED_AUTOS = YES_AGGRESSIVE;
				GCC_WARN_UNUSED_FUNCTION = YES;
				GCC_WARN_UNUSED_VARIABLE = YES;
				IPHONEOS_DEPLOYMENT_TARGET = 9.2;
				MTL_ENABLE_DEBUG_INFO = YES;
				ONLY_ACTIVE_ARCH = YES;
				SDKROOT = iphoneos;
			};
			name = Debug;
		};
		BC3D0AD81CAE50F700B1F828 /* Release */ = {
			isa = XCBuildConfiguration;
			buildSettings = {
				ALWAYS_SEARCH_USER_PATHS = NO;
				CLANG_CXX_LANGUAGE_STANDARD = "gnu++0x";
				CLANG_CXX_LIBRARY = "libc++";
				CLANG_ENABLE_MODULES = YES;
				CLANG_ENABLE_OBJC_ARC = YES;
				CLANG_WARN_BOOL_CONVERSION = YES;
				CLANG_WARN_CONSTANT_CONVERSION = YES;
				CLANG_WARN_DIRECT_OBJC_ISA_USAGE = YES_ERROR;
				CLANG_WARN_EMPTY_BODY = YES;
				CLANG_WARN_ENUM_CONVERSION = YES;
				CLANG_WARN_INT_CONVERSION = YES;
				CLANG_WARN_OBJC_ROOT_CLASS = YES_ERROR;
				CLANG_WARN_UNREACHABLE_CODE = YES;
				CLANG_WARN__DUPLICATE_METHOD_MATCH = YES;
				"CODE_SIGN_IDENTITY[sdk=iphoneos*]" = "iPhone Developer";
				COPY_PHASE_STRIP = NO;
				DEBUG_INFORMATION_FORMAT = "dwarf-with-dsym";
				ENABLE_NS_ASSERTIONS = NO;
				ENABLE_STRICT_OBJC_MSGSEND = YES;
				GCC_C_LANGUAGE_STANDARD = gnu99;
				GCC_NO_COMMON_BLOCKS = YES;
				GCC_WARN_64_TO_32_BIT_CONVERSION = YES;
				GCC_WARN_ABOUT_RETURN_TYPE = YES_ERROR;
				GCC_WARN_UNDECLARED_SELECTOR = YES;
				GCC_WARN_UNINITIALIZED_AUTOS = YES_AGGRESSIVE;
				GCC_WARN_UNUSED_FUNCTION = YES;
				GCC_WARN_UNUSED_VARIABLE = YES;
				IPHONEOS_DEPLOYMENT_TARGET = 9.2;
				MTL_ENABLE_DEBUG_INFO = NO;
				SDKROOT = iphoneos;
				VALIDATE_PRODUCT = YES;
			};
			name = Release;
		};
		BC3D0ADA1CAE50F700B1F828 /* Debug */ = {
			isa = XCBuildConfiguration;
			buildSettings = {
				ASSETCATALOG_COMPILER_APPICON_NAME = AppIcon;
				INFOPLIST_FILE = GitDemo/Info.plist;
				LD_RUNPATH_SEARCH_PATHS = "$(inherited) @executable_path/Frameworks";
				PRODUCT_BUNDLE_IDENTIFIER = com.1521.GitDemo;
				PRODUCT_NAME = "$(TARGET_NAME)";
			};
			name = Debug;
		};
		BC3D0ADB1CAE50F700B1F828 /* Release */ = {
			isa = XCBuildConfiguration;
			buildSettings = {
				ASSETCATALOG_COMPILER_APPICON_NAME = AppIcon;
				INFOPLIST_FILE = GitDemo/Info.plist;
				LD_RUNPATH_SEARCH_PATHS = "$(inherited) @executable_path/Frameworks";
				PRODUCT_BUNDLE_IDENTIFIER = com.1521.GitDemo;
				PRODUCT_NAME = "$(TARGET_NAME)";
			};
			name = Release;
		};
/* End XCBuildConfiguration section */

/* Begin XCConfigurationList section */
		BC3D0ABD1CAE50F600B1F828 /* Build configuration list for PBXProject "GitDemo" */ = {
			isa = XCConfigurationList;
			buildConfigurations = (
				BC3D0AD71CAE50F700B1F828 /* Debug */,
				BC3D0AD81CAE50F700B1F828 /* Release */,
			);
			defaultConfigurationIsVisible = 0;
			defaultConfigurationName = Release;
		};
		BC3D0AD91CAE50F700B1F828 /* Build configuration list for PBXNativeTarget "GitDemo" */ = {
			isa = XCConfigurationList;
			buildConfigurations = (
				BC3D0ADA1CAE50F700B1F828 /* Debug */,
				BC3D0ADB1CAE50F700B1F828 /* Release */,
			);
			defaultConfigurationIsVisible = 0;
		};
/* End XCConfigurationList section */
	};
	rootObject = BC3D0ABA1CAE50F600B1F828 /* Project object */;
}
